// !$*UTF8*$!
{
	archiveVersion = 1;
	classes = {
	};
	objectVersion = 54;
	objects = {

/* Begin PBXBuildFile section */
		130AE39E25263F8E00C2FDF8 /* AppDelegate.swift in Sources */ = {isa = PBXBuildFile; fileRef = 130AE39D25263F8E00C2FDF8 /* AppDelegate.swift */; };
		130AE3A025263F8E00C2FDF8 /* SceneDelegate.swift in Sources */ = {isa = PBXBuildFile; fileRef = 130AE39F25263F8E00C2FDF8 /* SceneDelegate.swift */; };
		130AE3A225263F8E00C2FDF8 /* StrikerStatsHomeVC.swift in Sources */ = {isa = PBXBuildFile; fileRef = 130AE3A125263F8E00C2FDF8 /* StrikerStatsHomeVC.swift */; };
		130AE3A525263F8E00C2FDF8 /* Main.storyboard in Resources */ = {isa = PBXBuildFile; fileRef = 130AE3A325263F8E00C2FDF8 /* Main.storyboard */; };
		130AE3A725263F8F00C2FDF8 /* Assets.xcassets in Resources */ = {isa = PBXBuildFile; fileRef = 130AE3A625263F8F00C2FDF8 /* Assets.xcassets */; };
		130AE3AA25263F8F00C2FDF8 /* LaunchScreen.storyboard in Resources */ = {isa = PBXBuildFile; fileRef = 130AE3A825263F8F00C2FDF8 /* LaunchScreen.storyboard */; };
		130CC9A925367F590052B473 /* Assets.xcassets in Resources */ = {isa = PBXBuildFile; fileRef = 13847B722530B0D800A8FFB7 /* Assets.xcassets */; };
		13417AE02530E8660025955F /* Stats.swift in Sources */ = {isa = PBXBuildFile; fileRef = 13417ADF2530E8650025955F /* Stats.swift */; };
		13417AE52530F04E0025955F /* Stats.swift in Sources */ = {isa = PBXBuildFile; fileRef = 13417ADF2530E8650025955F /* Stats.swift */; };
		13417AE8253239CE0025955F /* Assets.xcassets in Resources */ = {isa = PBXBuildFile; fileRef = 130AE3A625263F8F00C2FDF8 /* Assets.xcassets */; };
		13417AEB253241700025955F /* StrikerStatsWidgetExtension.appex in Embed App Extensions */ = {isa = PBXBuildFile; fileRef = 13847B6B2530B0D700A8FFB7 /* StrikerStatsWidgetExtension.appex */; settings = {ATTRIBUTES = (RemoveHeadersOnCopy, ); }; };
		13417AF225326CBD0025955F /* Constants.swift in Sources */ = {isa = PBXBuildFile; fileRef = 13F0BE6925293D360009DCC7 /* Constants.swift */; };
		136FD6282530D3E0008516D2 /* WidgitStats.swift in Sources */ = {isa = PBXBuildFile; fileRef = 136FD6272530D3E0008516D2 /* WidgitStats.swift */; };
		13723A242526600100540B45 /* Extensions.swift in Sources */ = {isa = PBXBuildFile; fileRef = 13723A232526600100540B45 /* Extensions.swift */; };
		13847B6C2530B0D700A8FFB7 /* WidgetKit.framework in Frameworks */ = {isa = PBXBuildFile; fileRef = 13847B2B2530A50200A8FFB7 /* WidgetKit.framework */; };
		13847B6E2530B0D700A8FFB7 /* SwiftUI.framework in Frameworks */ = {isa = PBXBuildFile; fileRef = 13847B6D2530B0D700A8FFB7 /* SwiftUI.framework */; };
		13847B712530B0D700A8FFB7 /* StrikerStatsWidget.swift in Sources */ = {isa = PBXBuildFile; fileRef = 13847B702530B0D700A8FFB7 /* StrikerStatsWidget.swift */; };
		13F0BE612528D6C40009DCC7 /* SS_Stepper.swift in Sources */ = {isa = PBXBuildFile; fileRef = 13F0BE602528D6C40009DCC7 /* SS_Stepper.swift */; };
		13F0BE6A25293D360009DCC7 /* Constants.swift in Sources */ = {isa = PBXBuildFile; fileRef = 13F0BE6925293D360009DCC7 /* Constants.swift */; };
/* End PBXBuildFile section */

/* Begin PBXContainerItemProxy section */
		13847B752530B0D800A8FFB7 /* PBXContainerItemProxy */ = {
			isa = PBXContainerItemProxy;
			containerPortal = 130AE39225263F8E00C2FDF8 /* Project object */;
			proxyType = 1;
			remoteGlobalIDString = 13847B6A2530B0D700A8FFB7;
			remoteInfo = StrikerStatsWidgetExtension;
		};
/* End PBXContainerItemProxy section */

/* Begin PBXCopyFilesBuildPhase section */
		13847B3E2530A50300A8FFB7 /* Embed App Extensions */ = {
			isa = PBXCopyFilesBuildPhase;
			buildActionMask = 12;
			dstPath = "";
			dstSubfolderSpec = 13;
			files = (
				13417AEB253241700025955F /* StrikerStatsWidgetExtension.appex in Embed App Extensions */,
			);
			name = "Embed App Extensions";
			runOnlyForDeploymentPostprocessing = 0;
		};
/* End PBXCopyFilesBuildPhase section */

/* Begin PBXFileReference section */
		130AE39A25263F8E00C2FDF8 /* StrikerStats.app */ = {isa = PBXFileReference; explicitFileType = wrapper.application; includeInIndex = 0; path = StrikerStats.app; sourceTree = BUILT_PRODUCTS_DIR; };
		130AE39D25263F8E00C2FDF8 /* AppDelegate.swift */ = {isa = PBXFileReference; lastKnownFileType = sourcecode.swift; path = AppDelegate.swift; sourceTree = "<group>"; };
		130AE39F25263F8E00C2FDF8 /* SceneDelegate.swift */ = {isa = PBXFileReference; lastKnownFileType = sourcecode.swift; path = SceneDelegate.swift; sourceTree = "<group>"; };
		130AE3A125263F8E00C2FDF8 /* StrikerStatsHomeVC.swift */ = {isa = PBXFileReference; lastKnownFileType = sourcecode.swift; path = StrikerStatsHomeVC.swift; sourceTree = "<group>"; };
		130AE3A425263F8E00C2FDF8 /* Base */ = {isa = PBXFileReference; lastKnownFileType = file.storyboard; name = Base; path = Base.lproj/Main.storyboard; sourceTree = "<group>"; };
		130AE3A625263F8F00C2FDF8 /* Assets.xcassets */ = {isa = PBXFileReference; lastKnownFileType = folder.assetcatalog; path = Assets.xcassets; sourceTree = "<group>"; };
		130AE3A925263F8F00C2FDF8 /* Base */ = {isa = PBXFileReference; lastKnownFileType = file.storyboard; name = Base; path = Base.lproj/LaunchScreen.storyboard; sourceTree = "<group>"; };
		130AE3AB25263F8F00C2FDF8 /* Info.plist */ = {isa = PBXFileReference; lastKnownFileType = text.plist.xml; path = Info.plist; sourceTree = "<group>"; };
		13417ADF2530E8650025955F /* Stats.swift */ = {isa = PBXFileReference; lastKnownFileType = sourcecode.swift; path = Stats.swift; sourceTree = "<group>"; };
		136FD6272530D3E0008516D2 /* WidgitStats.swift */ = {isa = PBXFileReference; lastKnownFileType = sourcecode.swift; path = WidgitStats.swift; sourceTree = "<group>"; };
		13723A232526600100540B45 /* Extensions.swift */ = {isa = PBXFileReference; fileEncoding = 4; lastKnownFileType = sourcecode.swift; path = Extensions.swift; sourceTree = "<group>"; };
		13847B2B2530A50200A8FFB7 /* WidgetKit.framework */ = {isa = PBXFileReference; lastKnownFileType = wrapper.framework; name = WidgetKit.framework; path = System/Library/Frameworks/WidgetKit.framework; sourceTree = SDKROOT; };
		13847B652530B07100A8FFB7 /* StrikerStats.entitlements */ = {isa = PBXFileReference; lastKnownFileType = text.plist.entitlements; path = StrikerStats.entitlements; sourceTree = "<group>"; };
		13847B6B2530B0D700A8FFB7 /* StrikerStatsWidgetExtension.appex */ = {isa = PBXFileReference; explicitFileType = "wrapper.app-extension"; includeInIndex = 0; path = StrikerStatsWidgetExtension.appex; sourceTree = BUILT_PRODUCTS_DIR; };
		13847B6D2530B0D700A8FFB7 /* SwiftUI.framework */ = {isa = PBXFileReference; lastKnownFileType = wrapper.framework; name = SwiftUI.framework; path = System/Library/Frameworks/SwiftUI.framework; sourceTree = SDKROOT; };
		13847B702530B0D700A8FFB7 /* StrikerStatsWidget.swift */ = {isa = PBXFileReference; lastKnownFileType = sourcecode.swift; path = StrikerStatsWidget.swift; sourceTree = "<group>"; };
		13847B722530B0D800A8FFB7 /* Assets.xcassets */ = {isa = PBXFileReference; lastKnownFileType = folder.assetcatalog; path = Assets.xcassets; sourceTree = "<group>"; };
		13847B742530B0D800A8FFB7 /* Info.plist */ = {isa = PBXFileReference; lastKnownFileType = text.plist.xml; path = Info.plist; sourceTree = "<group>"; };
		13847B7D2530B0DD00A8FFB7 /* StrikerStatsWidgetExtension.entitlements */ = {isa = PBXFileReference; lastKnownFileType = text.plist.entitlements; path = StrikerStatsWidgetExtension.entitlements; sourceTree = "<group>"; };
		13F0BE602528D6C40009DCC7 /* SS_Stepper.swift */ = {isa = PBXFileReference; lastKnownFileType = sourcecode.swift; path = SS_Stepper.swift; sourceTree = "<group>"; };
		13F0BE6925293D360009DCC7 /* Constants.swift */ = {isa = PBXFileReference; lastKnownFileType = sourcecode.swift; path = Constants.swift; sourceTree = "<group>"; };
/* End PBXFileReference section */

/* Begin PBXFrameworksBuildPhase section */
		130AE39725263F8E00C2FDF8 /* Frameworks */ = {
			isa = PBXFrameworksBuildPhase;
			buildActionMask = 2147483647;
			files = (
			);
			runOnlyForDeploymentPostprocessing = 0;
		};
		13847B682530B0D700A8FFB7 /* Frameworks */ = {
			isa = PBXFrameworksBuildPhase;
			buildActionMask = 2147483647;
			files = (
				13847B6E2530B0D700A8FFB7 /* SwiftUI.framework in Frameworks */,
				13847B6C2530B0D700A8FFB7 /* WidgetKit.framework in Frameworks */,
			);
			runOnlyForDeploymentPostprocessing = 0;
		};
/* End PBXFrameworksBuildPhase section */

/* Begin PBXGroup section */
		130AE39125263F8E00C2FDF8 = {
			isa = PBXGroup;
			children = (
				13847B7D2530B0DD00A8FFB7 /* StrikerStatsWidgetExtension.entitlements */,
				130AE39C25263F8E00C2FDF8 /* StrikerStats */,
				13847B6F2530B0D700A8FFB7 /* StrikerStatsWidget */,
				13847B2A2530A50200A8FFB7 /* Frameworks */,
				130AE39B25263F8E00C2FDF8 /* Products */,
			);
			sourceTree = "<group>";
		};
		130AE39B25263F8E00C2FDF8 /* Products */ = {
			isa = PBXGroup;
			children = (
				130AE39A25263F8E00C2FDF8 /* StrikerStats.app */,
				13847B6B2530B0D700A8FFB7 /* StrikerStatsWidgetExtension.appex */,
			);
			name = Products;
			sourceTree = "<group>";
		};
		130AE39C25263F8E00C2FDF8 /* StrikerStats */ = {
			isa = PBXGroup;
			children = (
				13847B652530B07100A8FFB7 /* StrikerStats.entitlements */,
				13189B4F252B924D00B05682 /* Views */,
				13189B4C252B91AE00B05682 /* View Controller */,
				13189B4A252B918600B05682 /* Model */,
				131B0B49252B9629000CF7DB /* Constants */,
				131B0B48252B9622000CF7DB /* Extensions */,
				13189B4E252B924100B05682 /* Misc */,
			);
			path = StrikerStats;
			sourceTree = "<group>";
		};
		13189B49252B917500B05682 /* Custom UI Elements */ = {
			isa = PBXGroup;
			children = (
				13F0BE602528D6C40009DCC7 /* SS_Stepper.swift */,
			);
			path = "Custom UI Elements";
			sourceTree = "<group>";
		};
		13189B4A252B918600B05682 /* Model */ = {
			isa = PBXGroup;
			children = (
				13417ADF2530E8650025955F /* Stats.swift */,
				136FD6272530D3E0008516D2 /* WidgitStats.swift */,
			);
			path = Model;
			sourceTree = "<group>";
		};
		13189B4C252B91AE00B05682 /* View Controller */ = {
			isa = PBXGroup;
			children = (
				130AE3A125263F8E00C2FDF8 /* StrikerStatsHomeVC.swift */,
			);
			path = "View Controller";
			sourceTree = "<group>";
		};
		13189B4E252B924100B05682 /* Misc */ = {
			isa = PBXGroup;
			children = (
				130AE3AB25263F8F00C2FDF8 /* Info.plist */,
				130AE39D25263F8E00C2FDF8 /* AppDelegate.swift */,
				130AE39F25263F8E00C2FDF8 /* SceneDelegate.swift */,
				130AE3A625263F8F00C2FDF8 /* Assets.xcassets */,
			);
			name = Misc;
			path = StrikerStats/Misc;
			sourceTree = SOURCE_ROOT;
		};
		13189B4F252B924D00B05682 /* Views */ = {
			isa = PBXGroup;
			children = (
				13189B49252B917500B05682 /* Custom UI Elements */,
				130AE3A325263F8E00C2FDF8 /* Main.storyboard */,
				130AE3A825263F8F00C2FDF8 /* LaunchScreen.storyboard */,
			);
			path = Views;
			sourceTree = "<group>";
		};
		131B0B48252B9622000CF7DB /* Extensions */ = {
			isa = PBXGroup;
			children = (
				13723A232526600100540B45 /* Extensions.swift */,
			);
			path = Extensions;
			sourceTree = "<group>";
		};
		131B0B49252B9629000CF7DB /* Constants */ = {
			isa = PBXGroup;
			children = (
				13F0BE6925293D360009DCC7 /* Constants.swift */,
			);
			path = Constants;
			sourceTree = "<group>";
		};
		13847B2A2530A50200A8FFB7 /* Frameworks */ = {
			isa = PBXGroup;
			children = (
				13847B2B2530A50200A8FFB7 /* WidgetKit.framework */,
				13847B6D2530B0D700A8FFB7 /* SwiftUI.framework */,
			);
			name = Frameworks;
			sourceTree = "<group>";
		};
		13847B6F2530B0D700A8FFB7 /* StrikerStatsWidget */ = {
			isa = PBXGroup;
			children = (
				13847B702530B0D700A8FFB7 /* StrikerStatsWidget.swift */,
				13847B722530B0D800A8FFB7 /* Assets.xcassets */,
				13847B742530B0D800A8FFB7 /* Info.plist */,
			);
			path = StrikerStatsWidget;
			sourceTree = "<group>";
		};
/* End PBXGroup section */

/* Begin PBXNativeTarget section */
		130AE39925263F8E00C2FDF8 /* StrikerStats */ = {
			isa = PBXNativeTarget;
			buildConfigurationList = 130AE3AE25263F8F00C2FDF8 /* Build configuration list for PBXNativeTarget "StrikerStats" */;
			buildPhases = (
				130AE39625263F8E00C2FDF8 /* Sources */,
				130AE39725263F8E00C2FDF8 /* Frameworks */,
				130AE39825263F8E00C2FDF8 /* Resources */,
				13847B3E2530A50300A8FFB7 /* Embed App Extensions */,
			);
			buildRules = (
			);
			dependencies = (
				13847B762530B0D800A8FFB7 /* PBXTargetDependency */,
			);
			name = StrikerStats;
			productName = StrikerStats;
			productReference = 130AE39A25263F8E00C2FDF8 /* StrikerStats.app */;
			productType = "com.apple.product-type.application";
		};
		13847B6A2530B0D700A8FFB7 /* StrikerStatsWidgetExtension */ = {
			isa = PBXNativeTarget;
			buildConfigurationList = 13847B782530B0D800A8FFB7 /* Build configuration list for PBXNativeTarget "StrikerStatsWidgetExtension" */;
			buildPhases = (
				13847B672530B0D700A8FFB7 /* Sources */,
				13847B682530B0D700A8FFB7 /* Frameworks */,
				13847B692530B0D700A8FFB7 /* Resources */,
			);
			buildRules = (
			);
			dependencies = (
			);
			name = StrikerStatsWidgetExtension;
			productName = StrikerStatsWidgetExtension;
			productReference = 13847B6B2530B0D700A8FFB7 /* StrikerStatsWidgetExtension.appex */;
			productType = "com.apple.product-type.app-extension";
		};
/* End PBXNativeTarget section */

/* Begin PBXProject section */
		130AE39225263F8E00C2FDF8 /* Project object */ = {
			isa = PBXProject;
			attributes = {
				LastSwiftUpdateCheck = 1200;
				LastUpgradeCheck = 1200;
				ORGANIZATIONNAME = "Rocking Triangle";
				TargetAttributes = {
					130AE39925263F8E00C2FDF8 = {
						CreatedOnToolsVersion = 12.0.1;
					};
					13847B6A2530B0D700A8FFB7 = {
						CreatedOnToolsVersion = 12.0.1;
					};
				};
			};
			buildConfigurationList = 130AE39525263F8E00C2FDF8 /* Build configuration list for PBXProject "StrikerStats" */;
			compatibilityVersion = "Xcode 12.0";
			developmentRegion = en;
			hasScannedForEncodings = 0;
			knownRegions = (
				en,
				Base,
			);
			mainGroup = 130AE39125263F8E00C2FDF8;
			productRefGroup = 130AE39B25263F8E00C2FDF8 /* Products */;
			projectDirPath = "";
			projectRoot = "";
			targets = (
				130AE39925263F8E00C2FDF8 /* StrikerStats */,
				13847B6A2530B0D700A8FFB7 /* StrikerStatsWidgetExtension */,
			);
		};
/* End PBXProject section */

/* Begin PBXResourcesBuildPhase section */
		130AE39825263F8E00C2FDF8 /* Resources */ = {
			isa = PBXResourcesBuildPhase;
			buildActionMask = 2147483647;
			files = (
				130AE3AA25263F8F00C2FDF8 /* LaunchScreen.storyboard in Resources */,
				130AE3A725263F8F00C2FDF8 /* Assets.xcassets in Resources */,
				130AE3A525263F8E00C2FDF8 /* Main.storyboard in Resources */,
			);
			runOnlyForDeploymentPostprocessing = 0;
		};
		13847B692530B0D700A8FFB7 /* Resources */ = {
			isa = PBXResourcesBuildPhase;
			buildActionMask = 2147483647;
			files = (
				13417AE8253239CE0025955F /* Assets.xcassets in Resources */,
				130CC9A925367F590052B473 /* Assets.xcassets in Resources */,
			);
			runOnlyForDeploymentPostprocessing = 0;
		};
/* End PBXResourcesBuildPhase section */

/* Begin PBXSourcesBuildPhase section */
		130AE39625263F8E00C2FDF8 /* Sources */ = {
			isa = PBXSourcesBuildPhase;
			buildActionMask = 2147483647;
			files = (
				130AE3A225263F8E00C2FDF8 /* StrikerStatsHomeVC.swift in Sources */,
				13723A242526600100540B45 /* Extensions.swift in Sources */,
				130AE39E25263F8E00C2FDF8 /* AppDelegate.swift in Sources */,
				13F0BE612528D6C40009DCC7 /* SS_Stepper.swift in Sources */,
				130AE3A025263F8E00C2FDF8 /* SceneDelegate.swift in Sources */,
				13417AE02530E8660025955F /* Stats.swift in Sources */,
				13F0BE6A25293D360009DCC7 /* Constants.swift in Sources */,
				136FD6282530D3E0008516D2 /* WidgitStats.swift in Sources */,
			);
			runOnlyForDeploymentPostprocessing = 0;
		};
		13847B672530B0D700A8FFB7 /* Sources */ = {
			isa = PBXSourcesBuildPhase;
			buildActionMask = 2147483647;
			files = (
				13847B712530B0D700A8FFB7 /* StrikerStatsWidget.swift in Sources */,
				13417AE52530F04E0025955F /* Stats.swift in Sources */,
				13417AF225326CBD0025955F /* Constants.swift in Sources */,
			);
			runOnlyForDeploymentPostprocessing = 0;
		};
/* End PBXSourcesBuildPhase section */

/* Begin PBXTargetDependency section */
		13847B762530B0D800A8FFB7 /* PBXTargetDependency */ = {
			isa = PBXTargetDependency;
			target = 13847B6A2530B0D700A8FFB7 /* StrikerStatsWidgetExtension */;
			targetProxy = 13847B752530B0D800A8FFB7 /* PBXContainerItemProxy */;
		};
/* End PBXTargetDependency section */

/* Begin PBXVariantGroup section */
		130AE3A325263F8E00C2FDF8 /* Main.storyboard */ = {
			isa = PBXVariantGroup;
			children = (
				130AE3A425263F8E00C2FDF8 /* Base */,
			);
			name = Main.storyboard;
			sourceTree = "<group>";
		};
		130AE3A825263F8F00C2FDF8 /* LaunchScreen.storyboard */ = {
			isa = PBXVariantGroup;
			children = (
				130AE3A925263F8F00C2FDF8 /* Base */,
			);
			name = LaunchScreen.storyboard;
			sourceTree = "<group>";
		};
/* End PBXVariantGroup section */

/* Begin XCBuildConfiguration section */
		130AE3AC25263F8F00C2FDF8 /* Debug */ = {
			isa = XCBuildConfiguration;
			buildSettings = {
				ALWAYS_SEARCH_USER_PATHS = NO;
				CLANG_ANALYZER_NONNULL = YES;
				CLANG_ANALYZER_NUMBER_OBJECT_CONVERSION = YES_AGGRESSIVE;
				CLANG_CXX_LANGUAGE_STANDARD = "gnu++14";
				CLANG_CXX_LIBRARY = "libc++";
				CLANG_ENABLE_MODULES = YES;
				CLANG_ENABLE_OBJC_ARC = YES;
				CLANG_ENABLE_OBJC_WEAK = YES;
				CLANG_WARN_BLOCK_CAPTURE_AUTORELEASING = YES;
				CLANG_WARN_BOOL_CONVERSION = YES;
				CLANG_WARN_COMMA = YES;
				CLANG_WARN_CONSTANT_CONVERSION = YES;
				CLANG_WARN_DEPRECATED_OBJC_IMPLEMENTATIONS = YES;
				CLANG_WARN_DIRECT_OBJC_ISA_USAGE = YES_ERROR;
				CLANG_WARN_DOCUMENTATION_COMMENTS = YES;
				CLANG_WARN_EMPTY_BODY = YES;
				CLANG_WARN_ENUM_CONVERSION = YES;
				CLANG_WARN_INFINITE_RECURSION = YES;
				CLANG_WARN_INT_CONVERSION = YES;
				CLANG_WARN_NON_LITERAL_NULL_CONVERSION = YES;
				CLANG_WARN_OBJC_IMPLICIT_RETAIN_SELF = YES;
				CLANG_WARN_OBJC_LITERAL_CONVERSION = YES;
				CLANG_WARN_OBJC_ROOT_CLASS = YES_ERROR;
				CLANG_WARN_QUOTED_INCLUDE_IN_FRAMEWORK_HEADER = YES;
				CLANG_WARN_RANGE_LOOP_ANALYSIS = YES;
				CLANG_WARN_STRICT_PROTOTYPES = YES;
				CLANG_WARN_SUSPICIOUS_MOVE = YES;
				CLANG_WARN_UNGUARDED_AVAILABILITY = YES_AGGRESSIVE;
				CLANG_WARN_UNREACHABLE_CODE = YES;
				CLANG_WARN__DUPLICATE_METHOD_MATCH = YES;
				COPY_PHASE_STRIP = NO;
				DEBUG_INFORMATION_FORMAT = dwarf;
				ENABLE_STRICT_OBJC_MSGSEND = YES;
				ENABLE_TESTABILITY = YES;
				GCC_C_LANGUAGE_STANDARD = gnu11;
				GCC_DYNAMIC_NO_PIC = NO;
				GCC_NO_COMMON_BLOCKS = YES;
				GCC_OPTIMIZATION_LEVEL = 0;
				GCC_PREPROCESSOR_DEFINITIONS = (
					"DEBUG=1",
					"$(inherited)",
				);
				GCC_WARN_64_TO_32_BIT_CONVERSION = YES;
				GCC_WARN_ABOUT_RETURN_TYPE = YES_ERROR;
				GCC_WARN_UNDECLARED_SELECTOR = YES;
				GCC_WARN_UNINITIALIZED_AUTOS = YES_AGGRESSIVE;
				GCC_WARN_UNUSED_FUNCTION = YES;
				GCC_WARN_UNUSED_VARIABLE = YES;
				IPHONEOS_DEPLOYMENT_TARGET = 14.5;
				MTL_ENABLE_DEBUG_INFO = INCLUDE_SOURCE;
				MTL_FAST_MATH = YES;
				ONLY_ACTIVE_ARCH = YES;
				SDKROOT = iphoneos;
				SWIFT_ACTIVE_COMPILATION_CONDITIONS = DEBUG;
				SWIFT_OPTIMIZATION_LEVEL = "-Onone";
			};
			name = Debug;
		};
		130AE3AD25263F8F00C2FDF8 /* Release */ = {
			isa = XCBuildConfiguration;
			buildSettings = {
				ALWAYS_SEARCH_USER_PATHS = NO;
				CLANG_ANALYZER_NONNULL = YES;
				CLANG_ANALYZER_NUMBER_OBJECT_CONVERSION = YES_AGGRESSIVE;
				CLANG_CXX_LANGUAGE_STANDARD = "gnu++14";
				CLANG_CXX_LIBRARY = "libc++";
				CLANG_ENABLE_MODULES = YES;
				CLANG_ENABLE_OBJC_ARC = YES;
				CLANG_ENABLE_OBJC_WEAK = YES;
				CLANG_WARN_BLOCK_CAPTURE_AUTORELEASING = YES;
				CLANG_WARN_BOOL_CONVERSION = YES;
				CLANG_WARN_COMMA = YES;
				CLANG_WARN_CONSTANT_CONVERSION = YES;
				CLANG_WARN_DEPRECATED_OBJC_IMPLEMENTATIONS = YES;
				CLANG_WARN_DIRECT_OBJC_ISA_USAGE = YES_ERROR;
				CLANG_WARN_DOCUMENTATION_COMMENTS = YES;
				CLANG_WARN_EMPTY_BODY = YES;
				CLANG_WARN_ENUM_CONVERSION = YES;
				CLANG_WARN_INFINITE_RECURSION = YES;
				CLANG_WARN_INT_CONVERSION = YES;
				CLANG_WARN_NON_LITERAL_NULL_CONVERSION = YES;
				CLANG_WARN_OBJC_IMPLICIT_RETAIN_SELF = YES;
				CLANG_WARN_OBJC_LITERAL_CONVERSION = YES;
				CLANG_WARN_OBJC_ROOT_CLASS = YES_ERROR;
				CLANG_WARN_QUOTED_INCLUDE_IN_FRAMEWORK_HEADER = YES;
				CLANG_WARN_RANGE_LOOP_ANALYSIS = YES;
				CLANG_WARN_STRICT_PROTOTYPES = YES;
				CLANG_WARN_SUSPICIOUS_MOVE = YES;
				CLANG_WARN_UNGUARDED_AVAILABILITY = YES_AGGRESSIVE;
				CLANG_WARN_UNREACHABLE_CODE = YES;
				CLANG_WARN__DUPLICATE_METHOD_MATCH = YES;
				COPY_PHASE_STRIP = NO;
				DEBUG_INFORMATION_FORMAT = "dwarf-with-dsym";
				ENABLE_NS_ASSERTIONS = NO;
				ENABLE_STRICT_OBJC_MSGSEND = YES;
				GCC_C_LANGUAGE_STANDARD = gnu11;
				GCC_NO_COMMON_BLOCKS = YES;
				GCC_WARN_64_TO_32_BIT_CONVERSION = YES;
				GCC_WARN_ABOUT_RETURN_TYPE = YES_ERROR;
				GCC_WARN_UNDECLARED_SELECTOR = YES;
				GCC_WARN_UNINITIALIZED_AUTOS = YES_AGGRESSIVE;
				GCC_WARN_UNUSED_FUNCTION = YES;
				GCC_WARN_UNUSED_VARIABLE = YES;
				IPHONEOS_DEPLOYMENT_TARGET = 14.5;
				MTL_ENABLE_DEBUG_INFO = NO;
				MTL_FAST_MATH = YES;
				SDKROOT = iphoneos;
				SWIFT_COMPILATION_MODE = wholemodule;
				SWIFT_OPTIMIZATION_LEVEL = "-O";
				VALIDATE_PRODUCT = YES;
			};
			name = Release;
		};
		130AE3AF25263F8F00C2FDF8 /* Debug */ = {
			isa = XCBuildConfiguration;
			buildSettings = {
				ALWAYS_EMBED_SWIFT_STANDARD_LIBRARIES = YES;
				ASSETCATALOG_COMPILER_APPICON_NAME = AppIcon;
				ASSETCATALOG_COMPILER_GLOBAL_ACCENT_COLOR_NAME = AccentColor;
				CODE_SIGN_ENTITLEMENTS = StrikerStats/StrikerStats.entitlements;
				CODE_SIGN_IDENTITY = "Apple Development";
				CODE_SIGN_STYLE = Automatic;
				CURRENT_PROJECT_VERSION = 1;
				DEVELOPMENT_TEAM = 3YUN5S2WTZ;
				INFOPLIST_FILE = StrikerStats/Misc/Info.plist;
				IPHONEOS_DEPLOYMENT_TARGET = 14.5;
				LD_RUNPATH_SEARCH_PATHS = (
					"$(inherited)",
					"@executable_path/Frameworks",
				);
				MARKETING_VERSION = 1.0.1;
				PRODUCT_BUNDLE_IDENTIFIER = com.rockingtriangle.MyStrikerStats;
				PRODUCT_NAME = "$(TARGET_NAME)";
				PROVISIONING_PROFILE_SPECIFIER = "";
				SWIFT_VERSION = 5.0;
				TARGETED_DEVICE_FAMILY = 1;
			};
			name = Debug;
		};
		130AE3B025263F8F00C2FDF8 /* Release */ = {
			isa = XCBuildConfiguration;
			buildSettings = {
				ALWAYS_EMBED_SWIFT_STANDARD_LIBRARIES = YES;
				ASSETCATALOG_COMPILER_APPICON_NAME = AppIcon;
				ASSETCATALOG_COMPILER_GLOBAL_ACCENT_COLOR_NAME = AccentColor;
				CODE_SIGN_ENTITLEMENTS = StrikerStats/StrikerStats.entitlements;
				CODE_SIGN_IDENTITY = "Apple Development";
				CODE_SIGN_STYLE = Automatic;
				CURRENT_PROJECT_VERSION = 1;
				DEVELOPMENT_TEAM = 3YUN5S2WTZ;
				INFOPLIST_FILE = StrikerStats/Misc/Info.plist;
				IPHONEOS_DEPLOYMENT_TARGET = 14.5;
				LD_RUNPATH_SEARCH_PATHS = (
					"$(inherited)",
					"@executable_path/Frameworks",
				);
				MARKETING_VERSION = 1.0.1;
				PRODUCT_BUNDLE_IDENTIFIER = com.rockingtriangle.MyStrikerStats;
				PRODUCT_NAME = "$(TARGET_NAME)";
				PROVISIONING_PROFILE_SPECIFIER = "";
				SWIFT_VERSION = 5.0;
				TARGETED_DEVICE_FAMILY = 1;
			};
			name = Release;
		};
		13847B792530B0D800A8FFB7 /* Debug */ = {
			isa = XCBuildConfiguration;
			buildSettings = {
				ASSETCATALOG_COMPILER_GLOBAL_ACCENT_COLOR_NAME = AccentColor;
				ASSETCATALOG_COMPILER_WIDGET_BACKGROUND_COLOR_NAME = WidgetBackground;
				CODE_SIGN_ENTITLEMENTS = StrikerStatsWidgetExtension.entitlements;
				CODE_SIGN_STYLE = Automatic;
				CURRENT_PROJECT_VERSION = 1;
				DEVELOPMENT_TEAM = 3YUN5S2WTZ;
				ENABLE_ON_DEMAND_RESOURCES = NO;
				INFOPLIST_FILE = StrikerStatsWidget/Info.plist;
				IPHONEOS_DEPLOYMENT_TARGET = 14.5;
				LD_RUNPATH_SEARCH_PATHS = (
					"$(inherited)",
					"@executable_path/Frameworks",
					"@executable_path/../../Frameworks",
				);
				MARKETING_VERSION = 1.0.1;
				PRODUCT_BUNDLE_IDENTIFIER = com.rockingtriangle.MyStrikerStats.Widget;
				PRODUCT_NAME = "$(TARGET_NAME)";
				SKIP_INSTALL = YES;
				SWIFT_VERSION = 5.0;
				TARGETED_DEVICE_FAMILY = 1;
			};
			name = Debug;
		};
		13847B7A2530B0D800A8FFB7 /* Release */ = {
			isa = XCBuildConfiguration;
			buildSettings = {
				ASSETCATALOG_COMPILER_GLOBAL_ACCENT_COLOR_NAME = AccentColor;
				ASSETCATALOG_COMPILER_WIDGET_BACKGROUND_COLOR_NAME = WidgetBackground;
				CODE_SIGN_ENTITLEMENTS = StrikerStatsWidgetExtension.entitlements;
				CODE_SIGN_STYLE = Automatic;
				CURRENT_PROJECT_VERSION = 1;
				DEVELOPMENT_TEAM = 3YUN5S2WTZ;
				ENABLE_ON_DEMAND_RESOURCES = NO;
				INFOPLIST_FILE = StrikerStatsWidget/Info.plist;
				IPHONEOS_DEPLOYMENT_TARGET = 14.5;
				LD_RUNPATH_SEARCH_PATHS = (
					"$(inherited)",
					"@executable_path/Frameworks",
					"@executable_path/../../Frameworks",
				);
				MARKETING_VERSION = 1.0.1;
				PRODUCT_BUNDLE_IDENTIFIER = com.rockingtriangle.MyStrikerStats.Widget;
				PRODUCT_NAME = "$(TARGET_NAME)";
				SKIP_INSTALL = YES;
				SWIFT_VERSION = 5.0;
				TARGETED_DEVICE_FAMILY = 1;
			};
			name = Release;
		};
/* End XCBuildConfiguration section */

/* Begin XCConfigurationList section */
		130AE39525263F8E00C2FDF8 /* Build configuration list for PBXProject "StrikerStats" */ = {
			isa = XCConfigurationList;
			buildConfigurations = (
				130AE3AC25263F8F00C2FDF8 /* Debug */,
				130AE3AD25263F8F00C2FDF8 /* Release */,
			);
			defaultConfigurationIsVisible = 0;
			defaultConfigurationName = Release;
		};
		130AE3AE25263F8F00C2FDF8 /* Build configuration list for PBXNativeTarget "StrikerStats" */ = {
			isa = XCConfigurationList;
			buildConfigurations = (
				130AE3AF25263F8F00C2FDF8 /* Debug */,
				130AE3B025263F8F00C2FDF8 /* Release */,
			);
			defaultConfigurationIsVisible = 0;
			defaultConfigurationName = Release;
		};
		13847B782530B0D800A8FFB7 /* Build configuration list for PBXNativeTarget "StrikerStatsWidgetExtension" */ = {
			isa = XCConfigurationList;
			buildConfigurations = (
				13847B792530B0D800A8FFB7 /* Debug */,
				13847B7A2530B0D800A8FFB7 /* Release */,
			);
			defaultConfigurationIsVisible = 0;
			defaultConfigurationName = Release;
		};
/* End XCConfigurationList section */
	};
	rootObject = 130AE39225263F8E00C2FDF8 /* Project object */;
}
